
Microsoft Visual Studio Solution File, Format Version 11.00
# Visual Studio 2010
Project("{FAE04EC0-301F-11D3-BF4B-00C04F79EFBC}") = "tema1_csdotnet", "tema1_csdotnet\tema1_csdotnet.csproj", "{4A2714EE-9FCF-479A-B59C-0AB62E9C79A1}"
EndProject
Global
	GlobalSection(SolutionConfigurationPlatforms) = preSolution
		Debug|x86 = Debug|x86
		Release|x86 = Release|x86
	EndGlobalSection
	GlobalSection(ProjectConfigurationPlatforms) = postSolution
		{4A2714EE-9FCF-479A-B59C-0AB62E9C79A1}.Debug|x86.ActiveCfg = Debug|x86
		{4A2714EE-9FCF-479A-B59C-0AB62E9C79A1}.Debug|x86.Build.0 = Debug|x86
		{4A2714EE-9FCF-479A-B59C-0AB62E9C79A1}.Release|x86.ActiveCfg = Release|x86
		{4A2714EE-9FCF-479A-B59C-0AB62E9C79A1}.Release|x86.Build.0 = Release|x86
	EndGlobalSection
	GlobalSection(SolutionProperties) = preSolution
		HideSolutionNode = FALSE
	EndGlobalSection
EndGlobal
